{
  "name": "@my-home-lab/local-dev-env-mcp",
  "version": "1.0.0",
  "lockfileVersion": 3,
  "requires": true,
  "packages": {
    "": {
      "name": "@my-home-lab/local-dev-env-mcp",
      "version": "1.0.0",
      "license": "UNLICENSED",
      "bin": {
        "local-dev-env-mcp": "src/cli.mjs"
      },
      "engines": {
        "node": ">=20"
      }
    }
  }
}
